buf.build/gen/go/lukedevops-oss/yukon/protocolbuffers/go v1.36.12-20260914214725-86f6327f2df2.2 h1:cVkoHhYmaPkNRiksSv8gkT5qkffheQwp80cm4BWELBQ=
buf.build/gen/go/lukedevops-oss/yukon/protocolbuffers/go v1.36.12-20260914214725-86f6327f2df2.2/go.mod h1:Gl7akXnkPWkefrC8UCNUz7yQNXqHB/aQoCNinamVa5Y=
buf.build/gen/go/lukedevops-oss/yukon/protocolbuffers/go v1.36.12-20260916194008-a08bfd91e557.2 h1:MaH+e32jcwbyTUdbSKWyMIceVLR0SkG/6P9cPGZk4mI=
buf.build/gen/go/lukedevops-oss/yukon/protocolbuffers/go v1.36.12-20260916194008-a08bfd91e557.2/go.mod h1:Gl7akXnkPWkefrC8UCNUz7yQNXqHB/aQoCNinamVa5Y=
github.com/google/go-cmp v0.7.0 h1:wk8382ETsv4JYUZwIsn6YpYiWiBsYLSJiTsyBybVuN8=
github.com/google/go-cmp v0.7.0/go.mod h1:pXiqmnSA92OHEEa9HXL2W4E7lf9JzCmGVUdgjX3N/iU=
golang.org/x/time v0.16.0 h1:vMb6ptszcQMkcwiRTAuNNU50gom6++Q/6gY2hDM6VDE=
golang.org/x/time v0.16.0/go.mod h1:rVKOqvZeKvrDKTQiAHJ7wmwP0RzleSphoEA9RcdLA0s=
google.golang.org/protobuf v1.36.12 h1:pJOKDDOyeXErUroCihFAd5LQuwXBSpVnKGrj5o/fwxc=
google.golang.org/protobuf v1.36.12/go.mod h1:HTf+CrKn2C3g5S8VImy6tdcUvCska2kB7j23XfzDpco=
